
Microsoft Visual Studio Solution File, Format Version 12.00
# Visual Studio Version 16
VisualStudioVersion = 16.0.29424.173
MinimumVisualStudioVersion = 10.0.40219.1
Project("{9A19103F-16F7-4668-BE54-9A1E7A4F7556}") = "Homework1", "Homework1\Homework1.csproj", "{5855A183-5A94-47B0-A713-8497456C263F}"
EndProject
Project("{9A19103F-16F7-4668-BE54-9A1E7A4F7556}") = "Homework2", "Homework2\Homework2.csproj", "{DF13A029-D793-460F-B281-C042A242CB36}"
EndProject
Project("{9A19103F-16F7-4668-BE54-9A1E7A4F7556}") = "Homework2.Hard", "Homework2.Hard\Homework2.Hard.csproj", "{C72AC5D8-09A3-4A2F-8C56-6EE439385E61}"
EndProject
Project("{9A19103F-16F7-4668-BE54-9A1E7A4F7556}") = "Homework3", "Homework3\Homework3.csproj", "{19830588-B1D4-47CF-B6F9-FD2E6228E72F}"
EndProject
Project("{9A19103F-16F7-4668-BE54-9A1E7A4F7556}") = "Homework3.Hard", "Homework3.Hard\Homework3.Hard.csproj", "{86B9AB0D-2A05-4AB4-9009-107006218C4E}"
EndProject
Project("{9A19103F-16F7-4668-BE54-9A1E7A4F7556}") = "Homework4", "Homework4\Homework4.csproj", "{FC3132B0-5291-4611-BE6E-1391EF5BC5C4}"
EndProject
Project("{9A19103F-16F7-4668-BE54-9A1E7A4F7556}") = "Homework5", "Homework5\Homework5.csproj", "{4D745252-7ADA-42B7-8F89-B5790732F7CF}"
EndProject
Project("{9A19103F-16F7-4668-BE54-9A1E7A4F7556}") = "Homework6.1", "Homework6.1\Homework6.1.csproj", "{B464EF35-86CC-4704-A7B8-631EC12B76FA}"
EndProject
Project("{9A19103F-16F7-4668-BE54-9A1E7A4F7556}") = "Homework6.2", "Homework6.2\Homework6.2.csproj", "{A5D1DF9C-B19E-43C3-B0E0-132913C471E3}"
EndProject
Project("{9A19103F-16F7-4668-BE54-9A1E7A4F7556}") = "Homework7", "Homework7\Homework7.csproj", "{B123D687-DC97-469D-B4A3-F193CA5D407B}"
EndProject
Project("{9A19103F-16F7-4668-BE54-9A1E7A4F7556}") = "Homework8", "Homework8\Homework8.csproj", "{E7E4E93A-D70C-4C37-A266-A96CB1892A8A}"
EndProject
Project("{9A19103F-16F7-4668-BE54-9A1E7A4F7556}") = "Homework9", "Homework9\Homework9.csproj", "{47F7AAD1-CE29-4818-AB35-568214D8D12D}"
EndProject
Project("{9A19103F-16F7-4668-BE54-9A1E7A4F7556}") = "Homework10", "Homework10\Homework10.csproj", "{43F36FA2-77D0-43E4-968B-945B3A824C1D}"
EndProject
Project("{9A19103F-16F7-4668-BE54-9A1E7A4F7556}") = "Homework11", "Homework11\Homework11.csproj", "{1265C0CE-0771-42F6-86F2-C808EE7F90A6}"
EndProject
Project("{9A19103F-16F7-4668-BE54-9A1E7A4F7556}") = "Homework12", "Homework12\Homework12.csproj", "{3FE8E711-CCAB-4974-827C-5E4AFE73482D}"
EndProject
Project("{9A19103F-16F7-4668-BE54-9A1E7A4F7556}") = "Reminder.Core", "Homework15\Reminder.Core\Reminder.Core.csproj", "{511F4A0E-109D-46D8-B029-C4DDDA8A0108}"
EndProject
Project("{2150E333-8FDC-42A3-9474-1A3956D46DE8}") = "Homework15", "Homework15", "{D8693B22-9FC0-40FF-95C5-3DCB5EFD9E37}"
EndProject
Project("{9A19103F-16F7-4668-BE54-9A1E7A4F7556}") = "Reminder.Reciever.TelegrammRecieverTests", "Homework15\Reminder.Reciever.TelegrammRecieverTests\Reminder.Reciever.TelegrammRecieverTests.csproj", "{BE670D3A-FEDB-4BAA-817E-0AF85570ABC7}"
EndProject
Project("{9A19103F-16F7-4668-BE54-9A1E7A4F7556}") = "Reminder.Reciver.Core", "Homework15\Reminder.Reciver.Core\Reminder.Reciver.Core.csproj", "{8D3A4EA5-378C-4E11-A8E2-3CE43A2D5DCE}"
EndProject
Project("{9A19103F-16F7-4668-BE54-9A1E7A4F7556}") = "Reminder.Reciver.CoreTests", "Homework15\Reminder.Reciver.CoreTests\Reminder.Reciver.CoreTests.csproj", "{495EA008-E0BD-4805-951A-2AC0F63392A8}"
EndProject
Project("{9A19103F-16F7-4668-BE54-9A1E7A4F7556}") = "Reminder.Sender.Core", "Homework15\Reminder.Sender.Core\Reminder.Sender.Core.csproj", "{72CE5152-1A38-4D62-B46B-2251C2E62BFC}"
EndProject
Project("{9A19103F-16F7-4668-BE54-9A1E7A4F7556}") = "Reminder.Reciever.TelegrammReciever", "Homework15\Reminder.Sender.TelegrammReminder\Reminder.Reciever.TelegrammReciever.csproj", "{C9C29B98-3FCF-4192-A6B7-6A0C1FA1A10F}"
EndProject
Project("{9A19103F-16F7-4668-BE54-9A1E7A4F7556}") = "Reminder.Sender.TelegramSender", "Homework15\Reminder.Sender.TelegramSender\Reminder.Sender.TelegramSender.csproj", "{009EE0E8-9D18-4676-859F-53AB2484167F}"
EndProject
Project("{9A19103F-16F7-4668-BE54-9A1E7A4F7556}") = "Reminder.Sender.TelegramSenderTests", "Homework15\Reminder.Sender.TelegramSenderTests\Reminder.Sender.TelegramSenderTests.csproj", "{AB2A5F17-580F-4B74-897E-8EC1E754C976}"
EndProject
Project("{9A19103F-16F7-4668-BE54-9A1E7A4F7556}") = "Reminder.Storage.Core", "Homework15\Reminder.Storage.Core\Reminder.Storage.Core.csproj", "{7C4B14CB-7476-4107-B5A1-CE6C32EF17A4}"
EndProject
Project("{9A19103F-16F7-4668-BE54-9A1E7A4F7556}") = "ReminderStorage.InMemory", "Homework15\ReminderStorage.InMemory\ReminderStorage.InMemory.csproj", "{DACE1A34-D84C-4A6E-B783-F2CAAB05F33E}"
EndProject
Project("{9A19103F-16F7-4668-BE54-9A1E7A4F7556}") = "ReminderStorage.InMemoryTests", "Homework15\ReminderStorage.InMemoryTests\ReminderStorage.InMemoryTests.csproj", "{6067877A-A691-47E7-83C2-597BF4CA13BC}"
EndProject
Project("{9A19103F-16F7-4668-BE54-9A1E7A4F7556}") = "ReminderStorage.Core.Tests", "Homework15\ReminderStorage.Core.Tests\ReminderStorage.Core.Tests.csproj", "{9AD88AE7-33E1-467C-90A2-5E06E302DBAA}"
EndProject
Project("{9A19103F-16F7-4668-BE54-9A1E7A4F7556}") = "Reminder", "Homework15\ReminderProgramm\Reminder.csproj", "{95F0D52B-DBCD-4714-93BE-7301579C0888}"
EndProject
Project("{9A19103F-16F7-4668-BE54-9A1E7A4F7556}") = "Reminder.Storage.Domain", "Homework15\Reminder.Storage.Domain\Reminder.Storage.Domain.csproj", "{86B8B713-35E3-4C09-ACAD-532888D997BE}"
EndProject
Project("{9A19103F-16F7-4668-BE54-9A1E7A4F7556}") = "Reminder.Storage.DomainTests", "Homework15\Reminder.Storage.DomainTests\Reminder.Storage.DomainTests.csproj", "{3088FBE3-C008-4143-9937-6380E9D541E3}"
EndProject
Global
	GlobalSection(SolutionConfigurationPlatforms) = preSolution
		Debug|Any CPU = Debug|Any CPU
		Release|Any CPU = Release|Any CPU
	EndGlobalSection
	GlobalSection(ProjectConfigurationPlatforms) = postSolution
		{5855A183-5A94-47B0-A713-8497456C263F}.Debug|Any CPU.ActiveCfg = Debug|Any CPU
		{5855A183-5A94-47B0-A713-8497456C263F}.Debug|Any CPU.Build.0 = Debug|Any CPU
		{5855A183-5A94-47B0-A713-8497456C263F}.Release|Any CPU.ActiveCfg = Release|Any CPU
		{5855A183-5A94-47B0-A713-8497456C263F}.Release|Any CPU.Build.0 = Release|Any CPU
		{DF13A029-D793-460F-B281-C042A242CB36}.Debug|Any CPU.ActiveCfg = Debug|Any CPU
		{DF13A029-D793-460F-B281-C042A242CB36}.Debug|Any CPU.Build.0 = Debug|Any CPU
		{DF13A029-D793-460F-B281-C042A242CB36}.Release|Any CPU.ActiveCfg = Release|Any CPU
		{DF13A029-D793-460F-B281-C042A242CB36}.Release|Any CPU.Build.0 = Release|Any CPU
		{C72AC5D8-09A3-4A2F-8C56-6EE439385E61}.Debug|Any CPU.ActiveCfg = Debug|Any CPU
		{C72AC5D8-09A3-4A2F-8C56-6EE439385E61}.Debug|Any CPU.Build.0 = Debug|Any CPU
		{C72AC5D8-09A3-4A2F-8C56-6EE439385E61}.Release|Any CPU.ActiveCfg = Release|Any CPU
		{C72AC5D8-09A3-4A2F-8C56-6EE439385E61}.Release|Any CPU.Build.0 = Release|Any CPU
		{19830588-B1D4-47CF-B6F9-FD2E6228E72F}.Debug|Any CPU.ActiveCfg = Debug|Any CPU
		{19830588-B1D4-47CF-B6F9-FD2E6228E72F}.Debug|Any CPU.Build.0 = Debug|Any CPU
		{19830588-B1D4-47CF-B6F9-FD2E6228E72F}.Release|Any CPU.ActiveCfg = Release|Any CPU
		{19830588-B1D4-47CF-B6F9-FD2E6228E72F}.Release|Any CPU.Build.0 = Release|Any CPU
		{86B9AB0D-2A05-4AB4-9009-107006218C4E}.Debug|Any CPU.ActiveCfg = Debug|Any CPU
		{86B9AB0D-2A05-4AB4-9009-107006218C4E}.Debug|Any CPU.Build.0 = Debug|Any CPU
		{86B9AB0D-2A05-4AB4-9009-107006218C4E}.Release|Any CPU.ActiveCfg = Release|Any CPU
		{86B9AB0D-2A05-4AB4-9009-107006218C4E}.Release|Any CPU.Build.0 = Release|Any CPU
		{FC3132B0-5291-4611-BE6E-1391EF5BC5C4}.Debug|Any CPU.ActiveCfg = Debug|Any CPU
		{FC3132B0-5291-4611-BE6E-1391EF5BC5C4}.Debug|Any CPU.Build.0 = Debug|Any CPU
		{FC3132B0-5291-4611-BE6E-1391EF5BC5C4}.Release|Any CPU.ActiveCfg = Release|Any CPU
		{FC3132B0-5291-4611-BE6E-1391EF5BC5C4}.Release|Any CPU.Build.0 = Release|Any CPU
		{4D745252-7ADA-42B7-8F89-B5790732F7CF}.Debug|Any CPU.ActiveCfg = Debug|Any CPU
		{4D745252-7ADA-42B7-8F89-B5790732F7CF}.Debug|Any CPU.Build.0 = Debug|Any CPU
		{4D745252-7ADA-42B7-8F89-B5790732F7CF}.Release|Any CPU.ActiveCfg = Release|Any CPU
		{4D745252-7ADA-42B7-8F89-B5790732F7CF}.Release|Any CPU.Build.0 = Release|Any CPU
		{B464EF35-86CC-4704-A7B8-631EC12B76FA}.Debug|Any CPU.ActiveCfg = Debug|Any CPU
		{B464EF35-86CC-4704-A7B8-631EC12B76FA}.Debug|Any CPU.Build.0 = Debug|Any CPU
		{B464EF35-86CC-4704-A7B8-631EC12B76FA}.Release|Any CPU.ActiveCfg = Release|Any CPU
		{B464EF35-86CC-4704-A7B8-631EC12B76FA}.Release|Any CPU.Build.0 = Release|Any CPU
		{A5D1DF9C-B19E-43C3-B0E0-132913C471E3}.Debug|Any CPU.ActiveCfg = Debug|Any CPU
		{A5D1DF9C-B19E-43C3-B0E0-132913C471E3}.Debug|Any CPU.Build.0 = Debug|Any CPU
		{A5D1DF9C-B19E-43C3-B0E0-132913C471E3}.Release|Any CPU.ActiveCfg = Release|Any CPU
		{A5D1DF9C-B19E-43C3-B0E0-132913C471E3}.Release|Any CPU.Build.0 = Release|Any CPU
		{B123D687-DC97-469D-B4A3-F193CA5D407B}.Debug|Any CPU.ActiveCfg = Debug|Any CPU
		{B123D687-DC97-469D-B4A3-F193CA5D407B}.Debug|Any CPU.Build.0 = Debug|Any CPU
		{B123D687-DC97-469D-B4A3-F193CA5D407B}.Release|Any CPU.ActiveCfg = Release|Any CPU
		{B123D687-DC97-469D-B4A3-F193CA5D407B}.Release|Any CPU.Build.0 = Release|Any CPU
		{E7E4E93A-D70C-4C37-A266-A96CB1892A8A}.Debug|Any CPU.ActiveCfg = Debug|Any CPU
		{E7E4E93A-D70C-4C37-A266-A96CB1892A8A}.Debug|Any CPU.Build.0 = Debug|Any CPU
		{E7E4E93A-D70C-4C37-A266-A96CB1892A8A}.Release|Any CPU.ActiveCfg = Release|Any CPU
		{E7E4E93A-D70C-4C37-A266-A96CB1892A8A}.Release|Any CPU.Build.0 = Release|Any CPU
		{47F7AAD1-CE29-4818-AB35-568214D8D12D}.Debug|Any CPU.ActiveCfg = Debug|Any CPU
		{47F7AAD1-CE29-4818-AB35-568214D8D12D}.Debug|Any CPU.Build.0 = Debug|Any CPU
		{47F7AAD1-CE29-4818-AB35-568214D8D12D}.Release|Any CPU.ActiveCfg = Release|Any CPU
		{47F7AAD1-CE29-4818-AB35-568214D8D12D}.Release|Any CPU.Build.0 = Release|Any CPU
		{43F36FA2-77D0-43E4-968B-945B3A824C1D}.Debug|Any CPU.ActiveCfg = Debug|Any CPU
		{43F36FA2-77D0-43E4-968B-945B3A824C1D}.Debug|Any CPU.Build.0 = Debug|Any CPU
		{43F36FA2-77D0-43E4-968B-945B3A824C1D}.Release|Any CPU.ActiveCfg = Release|Any CPU
		{43F36FA2-77D0-43E4-968B-945B3A824C1D}.Release|Any CPU.Build.0 = Release|Any CPU
		{1265C0CE-0771-42F6-86F2-C808EE7F90A6}.Debug|Any CPU.ActiveCfg = Debug|Any CPU
		{1265C0CE-0771-42F6-86F2-C808EE7F90A6}.Debug|Any CPU.Build.0 = Debug|Any CPU
		{1265C0CE-0771-42F6-86F2-C808EE7F90A6}.Release|Any CPU.ActiveCfg = Release|Any CPU
		{1265C0CE-0771-42F6-86F2-C808EE7F90A6}.Release|Any CPU.Build.0 = Release|Any CPU
		{3FE8E711-CCAB-4974-827C-5E4AFE73482D}.Debug|Any CPU.ActiveCfg = Debug|Any CPU
		{3FE8E711-CCAB-4974-827C-5E4AFE73482D}.Debug|Any CPU.Build.0 = Debug|Any CPU
		{3FE8E711-CCAB-4974-827C-5E4AFE73482D}.Release|Any CPU.ActiveCfg = Release|Any CPU
		{3FE8E711-CCAB-4974-827C-5E4AFE73482D}.Release|Any CPU.Build.0 = Release|Any CPU
		{511F4A0E-109D-46D8-B029-C4DDDA8A0108}.Debug|Any CPU.ActiveCfg = Debug|Any CPU
		{511F4A0E-109D-46D8-B029-C4DDDA8A0108}.Debug|Any CPU.Build.0 = Debug|Any CPU
		{511F4A0E-109D-46D8-B029-C4DDDA8A0108}.Release|Any CPU.ActiveCfg = Release|Any CPU
		{511F4A0E-109D-46D8-B029-C4DDDA8A0108}.Release|Any CPU.Build.0 = Release|Any CPU
		{BE670D3A-FEDB-4BAA-817E-0AF85570ABC7}.Debug|Any CPU.ActiveCfg = Debug|Any CPU
		{BE670D3A-FEDB-4BAA-817E-0AF85570ABC7}.Debug|Any CPU.Build.0 = Debug|Any CPU
		{BE670D3A-FEDB-4BAA-817E-0AF85570ABC7}.Release|Any CPU.ActiveCfg = Release|Any CPU
		{BE670D3A-FEDB-4BAA-817E-0AF85570ABC7}.Release|Any CPU.Build.0 = Release|Any CPU
		{8D3A4EA5-378C-4E11-A8E2-3CE43A2D5DCE}.Debug|Any CPU.ActiveCfg = Debug|Any CPU
		{8D3A4EA5-378C-4E11-A8E2-3CE43A2D5DCE}.Debug|Any CPU.Build.0 = Debug|Any CPU
		{8D3A4EA5-378C-4E11-A8E2-3CE43A2D5DCE}.Release|Any CPU.ActiveCfg = Release|Any CPU
		{8D3A4EA5-378C-4E11-A8E2-3CE43A2D5DCE}.Release|Any CPU.Build.0 = Release|Any CPU
		{495EA008-E0BD-4805-951A-2AC0F63392A8}.Debug|Any CPU.ActiveCfg = Debug|Any CPU
		{495EA008-E0BD-4805-951A-2AC0F63392A8}.Debug|Any CPU.Build.0 = Debug|Any CPU
		{495EA008-E0BD-4805-951A-2AC0F63392A8}.Release|Any CPU.ActiveCfg = Release|Any CPU
		{495EA008-E0BD-4805-951A-2AC0F63392A8}.Release|Any CPU.Build.0 = Release|Any CPU
		{72CE5152-1A38-4D62-B46B-2251C2E62BFC}.Debug|Any CPU.ActiveCfg = Debug|Any CPU
		{72CE5152-1A38-4D62-B46B-2251C2E62BFC}.Debug|Any CPU.Build.0 = Debug|Any CPU
		{72CE5152-1A38-4D62-B46B-2251C2E62BFC}.Release|Any CPU.ActiveCfg = Release|Any CPU
		{72CE5152-1A38-4D62-B46B-2251C2E62BFC}.Release|Any CPU.Build.0 = Release|Any CPU
		{C9C29B98-3FCF-4192-A6B7-6A0C1FA1A10F}.Debug|Any CPU.ActiveCfg = Debug|Any CPU
		{C9C29B98-3FCF-4192-A6B7-6A0C1FA1A10F}.Debug|Any CPU.Build.0 = Debug|Any CPU
		{C9C29B98-3FCF-4192-A6B7-6A0C1FA1A10F}.Release|Any CPU.ActiveCfg = Release|Any CPU
		{C9C29B98-3FCF-4192-A6B7-6A0C1FA1A10F}.Release|Any CPU.Build.0 = Release|Any CPU
		{009EE0E8-9D18-4676-859F-53AB2484167F}.Debug|Any CPU.ActiveCfg = Debug|Any CPU
		{009EE0E8-9D18-4676-859F-53AB2484167F}.Debug|Any CPU.Build.0 = Debug|Any CPU
		{009EE0E8-9D18-4676-859F-53AB2484167F}.Release|Any CPU.ActiveCfg = Release|Any CPU
		{009EE0E8-9D18-4676-859F-53AB2484167F}.Release|Any CPU.Build.0 = Release|Any CPU
		{AB2A5F17-580F-4B74-897E-8EC1E754C976}.Debug|Any CPU.ActiveCfg = Debug|Any CPU
		{AB2A5F17-580F-4B74-897E-8EC1E754C976}.Debug|Any CPU.Build.0 = Debug|Any CPU
		{AB2A5F17-580F-4B74-897E-8EC1E754C976}.Release|Any CPU.ActiveCfg = Release|Any CPU
		{AB2A5F17-580F-4B74-897E-8EC1E754C976}.Release|Any CPU.Build.0 = Release|Any CPU
		{7C4B14CB-7476-4107-B5A1-CE6C32EF17A4}.Debug|Any CPU.ActiveCfg = Debug|Any CPU
		{7C4B14CB-7476-4107-B5A1-CE6C32EF17A4}.Debug|Any CPU.Build.0 = Debug|Any CPU
		{7C4B14CB-7476-4107-B5A1-CE6C32EF17A4}.Release|Any CPU.ActiveCfg = Release|Any CPU
		{7C4B14CB-7476-4107-B5A1-CE6C32EF17A4}.Release|Any CPU.Build.0 = Release|Any CPU
		{DACE1A34-D84C-4A6E-B783-F2CAAB05F33E}.Debug|Any CPU.ActiveCfg = Debug|Any CPU
		{DACE1A34-D84C-4A6E-B783-F2CAAB05F33E}.Debug|Any CPU.Build.0 = Debug|Any CPU
		{DACE1A34-D84C-4A6E-B783-F2CAAB05F33E}.Release|Any CPU.ActiveCfg = Release|Any CPU
		{DACE1A34-D84C-4A6E-B783-F2CAAB05F33E}.Release|Any CPU.Build.0 = Release|Any CPU
		{6067877A-A691-47E7-83C2-597BF4CA13BC}.Debug|Any CPU.ActiveCfg = Debug|Any CPU
		{6067877A-A691-47E7-83C2-597BF4CA13BC}.Debug|Any CPU.Build.0 = Debug|Any CPU
		{6067877A-A691-47E7-83C2-597BF4CA13BC}.Release|Any CPU.ActiveCfg = Release|Any CPU
		{6067877A-A691-47E7-83C2-597BF4CA13BC}.Release|Any CPU.Build.0 = Release|Any CPU
		{9AD88AE7-33E1-467C-90A2-5E06E302DBAA}.Debug|Any CPU.ActiveCfg = Debug|Any CPU
		{9AD88AE7-33E1-467C-90A2-5E06E302DBAA}.Debug|Any CPU.Build.0 = Debug|Any CPU
		{9AD88AE7-33E1-467C-90A2-5E06E302DBAA}.Release|Any CPU.ActiveCfg = Release|Any CPU
		{9AD88AE7-33E1-467C-90A2-5E06E302DBAA}.Release|Any CPU.Build.0 = Release|Any CPU
		{95F0D52B-DBCD-4714-93BE-7301579C0888}.Debug|Any CPU.ActiveCfg = Debug|Any CPU
		{95F0D52B-DBCD-4714-93BE-7301579C0888}.Debug|Any CPU.Build.0 = Debug|Any CPU
		{95F0D52B-DBCD-4714-93BE-7301579C0888}.Release|Any CPU.ActiveCfg = Release|Any CPU
		{95F0D52B-DBCD-4714-93BE-7301579C0888}.Release|Any CPU.Build.0 = Release|Any CPU
		{86B8B713-35E3-4C09-ACAD-532888D997BE}.Debug|Any CPU.ActiveCfg = Debug|Any CPU
		{86B8B713-35E3-4C09-ACAD-532888D997BE}.Debug|Any CPU.Build.0 = Debug|Any CPU
		{86B8B713-35E3-4C09-ACAD-532888D997BE}.Release|Any CPU.ActiveCfg = Release|Any CPU
		{86B8B713-35E3-4C09-ACAD-532888D997BE}.Release|Any CPU.Build.0 = Release|Any CPU
		{3088FBE3-C008-4143-9937-6380E9D541E3}.Debug|Any CPU.ActiveCfg = Debug|Any CPU
		{3088FBE3-C008-4143-9937-6380E9D541E3}.Debug|Any CPU.Build.0 = Debug|Any CPU
		{3088FBE3-C008-4143-9937-6380E9D541E3}.Release|Any CPU.ActiveCfg = Release|Any CPU
		{3088FBE3-C008-4143-9937-6380E9D541E3}.Release|Any CPU.Build.0 = Release|Any CPU
	EndGlobalSection
	GlobalSection(SolutionProperties) = preSolution
		HideSolutionNode = FALSE
	EndGlobalSection
	GlobalSection(NestedProjects) = preSolution
		{511F4A0E-109D-46D8-B029-C4DDDA8A0108} = {D8693B22-9FC0-40FF-95C5-3DCB5EFD9E37}
		{BE670D3A-FEDB-4BAA-817E-0AF85570ABC7} = {D8693B22-9FC0-40FF-95C5-3DCB5EFD9E37}
		{8D3A4EA5-378C-4E11-A8E2-3CE43A2D5DCE} = {D8693B22-9FC0-40FF-95C5-3DCB5EFD9E37}
		{495EA008-E0BD-4805-951A-2AC0F63392A8} = {D8693B22-9FC0-40FF-95C5-3DCB5EFD9E37}
		{72CE5152-1A38-4D62-B46B-2251C2E62BFC} = {D8693B22-9FC0-40FF-95C5-3DCB5EFD9E37}
		{C9C29B98-3FCF-4192-A6B7-6A0C1FA1A10F} = {D8693B22-9FC0-40FF-95C5-3DCB5EFD9E37}
		{009EE0E8-9D18-4676-859F-53AB2484167F} = {D8693B22-9FC0-40FF-95C5-3DCB5EFD9E37}
		{AB2A5F17-580F-4B74-897E-8EC1E754C976} = {D8693B22-9FC0-40FF-95C5-3DCB5EFD9E37}
		{7C4B14CB-7476-4107-B5A1-CE6C32EF17A4} = {D8693B22-9FC0-40FF-95C5-3DCB5EFD9E37}
		{DACE1A34-D84C-4A6E-B783-F2CAAB05F33E} = {D8693B22-9FC0-40FF-95C5-3DCB5EFD9E37}
		{6067877A-A691-47E7-83C2-597BF4CA13BC} = {D8693B22-9FC0-40FF-95C5-3DCB5EFD9E37}
		{9AD88AE7-33E1-467C-90A2-5E06E302DBAA} = {D8693B22-9FC0-40FF-95C5-3DCB5EFD9E37}
		{95F0D52B-DBCD-4714-93BE-7301579C0888} = {D8693B22-9FC0-40FF-95C5-3DCB5EFD9E37}
		{86B8B713-35E3-4C09-ACAD-532888D997BE} = {D8693B22-9FC0-40FF-95C5-3DCB5EFD9E37}
		{3088FBE3-C008-4143-9937-6380E9D541E3} = {D8693B22-9FC0-40FF-95C5-3DCB5EFD9E37}
	EndGlobalSection
	GlobalSection(ExtensibilityGlobals) = postSolution
		SolutionGuid = {C918DD46-112D-4652-A73F-0A6A518FAC80}
	EndGlobalSection
EndGlobal
